
Microsoft Visual Studio Solution File, Format Version 12.00
# Visual Studio Version 16
VisualStudioVersion = 16.0.31205.134
MinimumVisualStudioVersion = 10.0.40219.1
Project("{FAE04EC0-301F-11D3-BF4B-00C04F79EFBC}") = "SuperAdventure", "SuperAdventure\SuperAdventure.csproj", "{481C2FCD-0D67-455C-BF57-CE3DBB7D8EAC}"
EndProject
Global
	GlobalSection(SolutionConfigurationPlatforms) = preSolution
		Debug|Any CPU = Debug|Any CPU
		Release|Any CPU = Release|Any CPU
	EndGlobalSection
	GlobalSection(ProjectConfigurationPlatforms) = postSolution
		{481C2FCD-0D67-455C-BF57-CE3DBB7D8EAC}.Debug|Any CPU.ActiveCfg = Debug|Any CPU
		{481C2FCD-0D67-455C-BF57-CE3DBB7D8EAC}.Debug|Any CPU.Build.0 = Debug|Any CPU
		{481C2FCD-0D67-455C-BF57-CE3DBB7D8EAC}.Release|Any CPU.ActiveCfg = Release|Any CPU
		{481C2FCD-0D67-455C-BF57-CE3DBB7D8EAC}.Release|Any CPU.Build.0 = Release|Any CPU
	EndGlobalSection
	GlobalSection(SolutionProperties) = preSolution
		HideSolutionNode = FALSE
	EndGlobalSection
	GlobalSection(ExtensibilityGlobals) = postSolution
		SolutionGuid = {185383CA-1AE6-4CA0-AFD3-2F8B22A21BA5}
	EndGlobalSection
EndGlobal
